
Microsoft Visual Studio Solution File, Format Version 12.00
# Visual Studio Version 17
VisualStudioVersion = 17.11.35312.102
MinimumVisualStudioVersion = 10.0.40219.1
Project("{8BC9CEB8-8B4A-11D0-8D11-00A0C91BC942}") = "RayTracer", "RayTracer\RayTracer.vcxproj", "{3286DEB8-00FB-4F74-B26C-0D53E59297A7}"
EndProject
Project("{8BC9CEB8-8B4A-11D0-8D11-00A0C91BC942}") = "SoftwareRenderer", "SoftwareRenderer\SoftwareRenderer.vcxproj", "{FD3ADEE4-AD84-42BA-9C7C-7F17315922E9}"
EndProject
Global
	GlobalSection(SolutionConfigurationPlatforms) = preSolution
		Debug|x64 = Debug|x64
		Debug|x86 = Debug|x86
		Release|x64 = Release|x64
		Release|x86 = Release|x86
	EndGlobalSection
	GlobalSection(ProjectConfigurationPlatforms) = postSolution
		{3286DEB8-00FB-4F74-B26C-0D53E59297A7}.Debug|x64.ActiveCfg = Debug|x64
		{3286DEB8-00FB-4F74-B26C-0D53E59297A7}.Debug|x64.Build.0 = Debug|x64
		{3286DEB8-00FB-4F74-B26C-0D53E59297A7}.Debug|x86.ActiveCfg = Debug|Win32
		{3286DEB8-00FB-4F74-B26C-0D53E59297A7}.Debug|x86.Build.0 = Debug|Win32
		{3286DEB8-00FB-4F74-B26C-0D53E59297A7}.Release|x64.ActiveCfg = Release|x64
		{3286DEB8-00FB-4F74-B26C-0D53E59297A7}.Release|x64.Build.0 = Release|x64
		{3286DEB8-00FB-4F74-B26C-0D53E59297A7}.Release|x86.ActiveCfg = Release|Win32
		{3286DEB8-00FB-4F74-B26C-0D53E59297A7}.Release|x86.Build.0 = Release|Win32
		{FD3ADEE4-AD84-42BA-9C7C-7F17315922E9}.Debug|x64.ActiveCfg = Debug|x64
		{FD3ADEE4-AD84-42BA-9C7C-7F17315922E9}.Debug|x64.Build.0 = Debug|x64
		{FD3ADEE4-AD84-42BA-9C7C-7F17315922E9}.Debug|x86.ActiveCfg = Debug|Win32
		{FD3ADEE4-AD84-42BA-9C7C-7F17315922E9}.Debug|x86.Build.0 = Debug|Win32
		{FD3ADEE4-AD84-42BA-9C7C-7F17315922E9}.Release|x64.ActiveCfg = Release|x64
		{FD3ADEE4-AD84-42BA-9C7C-7F17315922E9}.Release|x64.Build.0 = Release|x64
		{FD3ADEE4-AD84-42BA-9C7C-7F17315922E9}.Release|x86.ActiveCfg = Release|Win32
		{FD3ADEE4-AD84-42BA-9C7C-7F17315922E9}.Release|x86.Build.0 = Release|Win32
	EndGlobalSection
	GlobalSection(SolutionProperties) = preSolution
		HideSolutionNode = FALSE
	EndGlobalSection
	GlobalSection(ExtensibilityGlobals) = postSolution
		SolutionGuid = {327C8679-25AB-4B4A-8590-51F483B04105}
	EndGlobalSection
EndGlobal
