<?xml version="1.0" encoding="utf-8"?>
<Project ToolsVersion="4.0" xmlns="http://schemas.microsoft.com/developer/msbuild/2003">
  <ItemGroup>
    <Filter Include="Source Files">
      <UniqueIdentifier>{4FC737F1-C7A5-4376-A066-2A32D752A2FF}</UniqueIdentifier>
      <Extensions>cpp;c;cc;cxx;c++;cppm;ixx;def;odl;idl;hpj;bat;asm;asmx</Extensions>
    </Filter>
    <Filter Include="Header Files">
      <UniqueIdentifier>{93995380-89BD-4b04-88EB-625FBE52EBFB}</UniqueIdentifier>
      <Extensions>h;hh;hpp;hxx;h++;hm;inl;inc;ipp;xsd</Extensions>
    </Filter>
    <Filter Include="Resource Files">
      <UniqueIdentifier>{67DA6AB6-F800-4c08-8B7A-83BB121AAD01}</UniqueIdentifier>
      <Extensions>rc;ico;cur;bmp;dlg;rc2;rct;bin;rgs;gif;jpg;jpeg;jpe;resx;tiff;tif;png;wav;mfcribbon-ms</Extensions>
    </Filter>
    <Filter Include="Header Files\CUDA">
      <UniqueIdentifier>{9fb5dd10-e4d5-409e-82c4-d04f1e165803}</UniqueIdentifier>
    </Filter>
    <Filter Include="Header Files\Scene">
      <UniqueIdentifier>{a0361749-9cfa-4fac-86ef-633acc62be5c}</UniqueIdentifier>
    </Filter>
    <Filter Include="Header Files\Object">
      <UniqueIdentifier>{0ec2ea74-6adb-4d70-a0cb-7948a565ca9e}</UniqueIdentifier>
    </Filter>
    <Filter Include="Header Files\Ray">
      <UniqueIdentifier>{82c755b9-0d83-4da8-8221-755cb0926cec}</UniqueIdentifier>
    </Filter>
    <Filter Include="Header Files\Math">
      <UniqueIdentifier>{bf7d4cee-1158-4862-8642-9b71d8fe0b2e}</UniqueIdentifier>
    </Filter>
    <Filter Include="Header Files\Renderer">
      <UniqueIdentifier>{e75d79bc-f1a6-4b49-9457-9083584d3be2}</UniqueIdentifier>
    </Filter>
    <Filter Include="Source Files\Object">
      <UniqueIdentifier>{6fada4e2-6f34-422b-a6a7-44ef53dcce0d}</UniqueIdentifier>
    </Filter>
    <Filter Include="Source Files\Math">
      <UniqueIdentifier>{8e6d0218-71e7-4235-9992-3b8151b08764}</UniqueIdentifier>
    </Filter>
    <Filter Include="Source Files\Renderer">
      <UniqueIdentifier>{216461bb-c3a7-44f5-ba25-c1e19f33f0d5}</UniqueIdentifier>
    </Filter>
    <Filter Include="Source Files\Scene">
      <UniqueIdentifier>{7e3b18e0-0669-46b4-8ae3-e8ab3a655f90}</UniqueIdentifier>
    </Filter>
  </ItemGroup>
  <ItemGroup>
    <ClCompile Include="Source\Image.cpp">
      <Filter>Source Files</Filter>
    </ClCompile>
    <ClCompile Include="Source\Color.cu">
      <Filter>Source Files\Object</Filter>
    </ClCompile>
    <ClCompile Include="Source\Model.cpp">
      <Filter>Source Files\Object</Filter>
    </ClCompile>
    <ClCompile Include="Source\Triangle.cpp">
      <Filter>Source Files\Object</Filter>
    </ClCompile>
    <ClCompile Include="Source\ETime.cpp">
      <Filter>Source Files\Math</Filter>
    </ClCompile>
    <ClCompile Include="Source\Renderer.cpp">
      <Filter>Source Files\Renderer</Filter>
    </ClCompile>
    <ClCompile Include="Source\Framebuffer.cpp">
      <Filter>Source Files\Renderer</Filter>
    </ClCompile>
    <ClCompile Include="Source\Input.cpp">
      <Filter>Source Files\Scene</Filter>
    </ClCompile>
    <ClCompile Include="Source\PostProcess.cpp">
      <Filter>Source Files\Renderer</Filter>
    </ClCompile>
  </ItemGroup>
  <ItemGroup>
    <ClInclude Include="Source\CudaErrors.h">
      <Filter>Header Files\CUDA</Filter>
    </ClInclude>
    <ClInclude Include="Source\SceneGPU.cuh">
      <Filter>Header Files\Scene</Filter>
    </ClInclude>
    <ClInclude Include="Source\Scene.h">
      <Filter>Header Files\Scene</Filter>
    </ClInclude>
    <ClInclude Include="Source\Color.cuh">
      <Filter>Header Files\Object</Filter>
    </ClInclude>
    <ClInclude Include="Source\Material.cuh">
      <Filter>Header Files\Object</Filter>
    </ClInclude>
    <ClInclude Include="Source\MaterialGPU.h">
      <Filter>Header Files\Object</Filter>
    </ClInclude>
    <ClInclude Include="Source\SceneObject.h">
      <Filter>Header Files\Object</Filter>
    </ClInclude>
    <ClInclude Include="Source\SceneObjectGPU.cuh">
      <Filter>Header Files\Object</Filter>
    </ClInclude>
    <ClInclude Include="Source\Sphere.h">
      <Filter>Header Files\Object</Filter>
    </ClInclude>
    <ClInclude Include="Source\Model.h">
      <Filter>Header Files\Object</Filter>
    </ClInclude>
    <ClInclude Include="Source\Plane.h">
      <Filter>Header Files\Object</Filter>
    </ClInclude>
    <ClInclude Include="Source\Triangle.h">
      <Filter>Header Files\Object</Filter>
    </ClInclude>
    <ClInclude Include="Source\Transform.h">
      <Filter>Header Files\Object</Filter>
    </ClInclude>
    <ClInclude Include="Source\Ray.cuh">
      <Filter>Header Files\Ray</Filter>
    </ClInclude>
    <ClInclude Include="Source\Tracer.cuh">
      <Filter>Header Files\Ray</Filter>
    </ClInclude>
    <ClInclude Include="Source\DeviceRandom.cuh">
      <Filter>Header Files\Math</Filter>
    </ClInclude>
    <ClInclude Include="Source\Camera.cuh">
      <Filter>Header Files\Scene</Filter>
    </ClInclude>
    <ClInclude Include="Source\MathUtils.cuh">
      <Filter>Header Files\Math</Filter>
    </ClInclude>
    <ClInclude Include="Source\Input.h">
      <Filter>Header Files\Scene</Filter>
    </ClInclude>
    <ClInclude Include="Source\ETime.h">
      <Filter>Header Files\Math</Filter>
    </ClInclude>
    <ClInclude Include="Source\Framebuffer.h">
      <Filter>Header Files\Renderer</Filter>
    </ClInclude>
    <ClInclude Include="Source\PostProcess.h">
      <Filter>Header Files\Renderer</Filter>
    </ClInclude>
    <ClInclude Include="Source\Renderer.h">
      <Filter>Header Files\Renderer</Filter>
    </ClInclude>
    <ClInclude Include="Source\Image.h">
      <Filter>Header Files\Object</Filter>
    </ClInclude>
    <ClInclude Include="Source\CudaCompat.h">
      <Filter>Header Files\CUDA</Filter>
    </ClInclude>
    <ClInclude Include="Source\GPURaycasting.cuh">
      <Filter>Header Files\Object</Filter>
    </ClInclude>
    <ClInclude Include="vec3.cuh" />
    <ClInclude Include="Source\vec3.cuh">
      <Filter>Header Files\Math</Filter>
    </ClInclude>
    <ClInclude Include="Source\vec2.cuh">
      <Filter>Header Files\Math</Filter>
    </ClInclude>
    <ClInclude Include="Source\vec4.cuh">
      <Filter>Header Files\Math</Filter>
    </ClInclude>
    <ClInclude Include="Source\HostRandom.h">
      <Filter>Header Files\Math</Filter>
    </ClInclude>
  </ItemGroup>
  <ItemGroup>
    <CudaCompile Include="Source\Main.cpp">
      <Filter>Source Files</Filter>
    </CudaCompile>
    <CudaCompile Include="Source\Scene.cu">
      <Filter>Source Files\Scene</Filter>
    </CudaCompile>
  </ItemGroup>
  <ItemGroup>
    <None Include="pch.h" />
  </ItemGroup>
</Project>